
Microsoft Visual Studio Solution File, Format Version 12.00
# Visual Studio Version 17
VisualStudioVersion = 17.5.33516.290
MinimumVisualStudioVersion = 10.0.40219.1
Project("{9A19103F-16F7-4668-BE54-9A1E7A4F7556}") = "JeremyAnsel.Xwa.HooksConfig", "JeremyAnsel.Xwa.HooksConfig\JeremyAnsel.Xwa.HooksConfig.csproj", "{FCBF3218-E73F-4DD7-8E11-A8E29C27CCA7}"
EndProject
Project("{9A19103F-16F7-4668-BE54-9A1E7A4F7556}") = "Documentation", "Documentation\Documentation.csproj", "{A42FCFE1-CAC1-40BA-B6C2-1E8CEF7220C6}"
EndProject
Global
	GlobalSection(SolutionConfigurationPlatforms) = preSolution
		Debug|Any CPU = Debug|Any CPU
		Release|Any CPU = Release|Any CPU
	EndGlobalSection
	GlobalSection(ProjectConfigurationPlatforms) = postSolution
		{FCBF3218-E73F-4DD7-8E11-A8E29C27CCA7}.Debug|Any CPU.ActiveCfg = Debug|Any CPU
		{FCBF3218-E73F-4DD7-8E11-A8E29C27CCA7}.Debug|Any CPU.Build.0 = Debug|Any CPU
		{FCBF3218-E73F-4DD7-8E11-A8E29C27CCA7}.Release|Any CPU.ActiveCfg = Release|Any CPU
		{FCBF3218-E73F-4DD7-8E11-A8E29C27CCA7}.Release|Any CPU.Build.0 = Release|Any CPU
		{A42FCFE1-CAC1-40BA-B6C2-1E8CEF7220C6}.Debug|Any CPU.ActiveCfg = Debug|Any CPU
		{A42FCFE1-CAC1-40BA-B6C2-1E8CEF7220C6}.Debug|Any CPU.Build.0 = Debug|Any CPU
		{A42FCFE1-CAC1-40BA-B6C2-1E8CEF7220C6}.Release|Any CPU.ActiveCfg = Release|Any CPU
		{A42FCFE1-CAC1-40BA-B6C2-1E8CEF7220C6}.Release|Any CPU.Build.0 = Release|Any CPU
	EndGlobalSection
	GlobalSection(SolutionProperties) = preSolution
		HideSolutionNode = FALSE
	EndGlobalSection
	GlobalSection(ExtensibilityGlobals) = postSolution
		SolutionGuid = {EFBAE541-80F5-4F13-8679-8EF10CC41548}
	EndGlobalSection
EndGlobal
